
Microsoft Visual Studio Solution File, Format Version 12.00
# Visual Studio 15
Project("{FAE04EC0-301F-11D3-BF4B-00C04F79EFBC}") = "Assembly-CSharp", "Assembly-CSharp.csproj", "{878658FC-BCBF-A39A-0070-5D3803E558C2}"
EndProject
Project("{FAE04EC0-301F-11D3-BF4B-00C04F79EFBC}") = "Assembly-CSharp-Editor", "Assembly-CSharp-Editor.csproj", "{0FD90DD8-98BB-4572-3E2D-C3EC9A378F4E}"
EndProject
Global
	GlobalSection(SolutionConfigurationPlatforms) = preSolution
		Debug|Any CPU = Debug|Any CPU
		Release|Any CPU = Release|Any CPU
	EndGlobalSection
	GlobalSection(ProjectConfigurationPlatforms) = postSolution
		{878658FC-BCBF-A39A-0070-5D3803E558C2}.Debug|Any CPU.ActiveCfg = Debug|Any CPU
		{878658FC-BCBF-A39A-0070-5D3803E558C2}.Debug|Any CPU.Build.0 = Debug|Any CPU
		{878658FC-BCBF-A39A-0070-5D3803E558C2}.Release|Any CPU.ActiveCfg = Release|Any CPU
		{878658FC-BCBF-A39A-0070-5D3803E558C2}.Release|Any CPU.Build.0 = Release|Any CPU
		{0FD90DD8-98BB-4572-3E2D-C3EC9A378F4E}.Debug|Any CPU.ActiveCfg = Debug|Any CPU
		{0FD90DD8-98BB-4572-3E2D-C3EC9A378F4E}.Debug|Any CPU.Build.0 = Debug|Any CPU
		{0FD90DD8-98BB-4572-3E2D-C3EC9A378F4E}.Release|Any CPU.ActiveCfg = Release|Any CPU
		{0FD90DD8-98BB-4572-3E2D-C3EC9A378F4E}.Release|Any CPU.Build.0 = Release|Any CPU
	EndGlobalSection
	GlobalSection(SolutionProperties) = preSolution
		HideSolutionNode = FALSE
	EndGlobalSection
EndGlobal
